
Microsoft Visual Studio Solution File, Format Version 12.00
# Visual Studio Version 17
VisualStudioVersion = 17.1.32319.34
MinimumVisualStudioVersion = 10.0.40219.1
Project("{9A19103F-16F7-4668-BE54-9A1E7A4F7556}") = "Timelog.WebApp", "TimelogWebApp\Timelog.WebApp.csproj", "{9592192E-08DD-4D42-BB6B-2FF1F823DFCF}"
EndProject
Project("{9A19103F-16F7-4668-BE54-9A1E7A4F7556}") = "TimelogDbLayer", "TimelogCore\TimelogDbLayer.csproj", "{618DF962-BD78-4412-8B4A-B7382C086CE0}"
EndProject
Project("{9A19103F-16F7-4668-BE54-9A1E7A4F7556}") = "CoreComponent", "ActivityComponent\CoreComponent.csproj", "{0F6A41F0-3724-4C1C-8A78-7DF7A9D464EE}"
EndProject
Project("{9A19103F-16F7-4668-BE54-9A1E7A4F7556}") = "Tests.Timelog.DbLayer", "Tests\Test.Timelog.DbLayer\Tests.Timelog.DbLayer.csproj", "{33D04BA8-41A2-48AE-A675-172EBBA7488E}"
EndProject
Project("{9A19103F-16F7-4668-BE54-9A1E7A4F7556}") = "Tests.Timelog.Services", "Tests\Tests.Timelog.Services\Tests.Timelog.Services.csproj", "{7DF6BB9B-24FE-463F-9530-6EAEC2F926EB}"
EndProject
Project("{9A19103F-16F7-4668-BE54-9A1E7A4F7556}") = "Tests.Timelog.WebApp", "Tests\Tests.Timelog.WebApp\Tests.Timelog.WebApp.csproj", "{23D87349-36DB-48B0-895B-B70ECFF85190}"
EndProject
Global
	GlobalSection(SolutionConfigurationPlatforms) = preSolution
		Debug|Any CPU = Debug|Any CPU
		Release|Any CPU = Release|Any CPU
	EndGlobalSection
	GlobalSection(ProjectConfigurationPlatforms) = postSolution
		{9592192E-08DD-4D42-BB6B-2FF1F823DFCF}.Debug|Any CPU.ActiveCfg = Debug|Any CPU
		{9592192E-08DD-4D42-BB6B-2FF1F823DFCF}.Debug|Any CPU.Build.0 = Debug|Any CPU
		{9592192E-08DD-4D42-BB6B-2FF1F823DFCF}.Release|Any CPU.ActiveCfg = Release|Any CPU
		{9592192E-08DD-4D42-BB6B-2FF1F823DFCF}.Release|Any CPU.Build.0 = Release|Any CPU
		{618DF962-BD78-4412-8B4A-B7382C086CE0}.Debug|Any CPU.ActiveCfg = Debug|Any CPU
		{618DF962-BD78-4412-8B4A-B7382C086CE0}.Debug|Any CPU.Build.0 = Debug|Any CPU
		{618DF962-BD78-4412-8B4A-B7382C086CE0}.Release|Any CPU.ActiveCfg = Release|Any CPU
		{618DF962-BD78-4412-8B4A-B7382C086CE0}.Release|Any CPU.Build.0 = Release|Any CPU
		{0F6A41F0-3724-4C1C-8A78-7DF7A9D464EE}.Debug|Any CPU.ActiveCfg = Debug|Any CPU
		{0F6A41F0-3724-4C1C-8A78-7DF7A9D464EE}.Debug|Any CPU.Build.0 = Debug|Any CPU
		{0F6A41F0-3724-4C1C-8A78-7DF7A9D464EE}.Release|Any CPU.ActiveCfg = Release|Any CPU
		{0F6A41F0-3724-4C1C-8A78-7DF7A9D464EE}.Release|Any CPU.Build.0 = Release|Any CPU
		{33D04BA8-41A2-48AE-A675-172EBBA7488E}.Debug|Any CPU.ActiveCfg = Debug|Any CPU
		{33D04BA8-41A2-48AE-A675-172EBBA7488E}.Debug|Any CPU.Build.0 = Debug|Any CPU
		{33D04BA8-41A2-48AE-A675-172EBBA7488E}.Release|Any CPU.ActiveCfg = Release|Any CPU
		{33D04BA8-41A2-48AE-A675-172EBBA7488E}.Release|Any CPU.Build.0 = Release|Any CPU
		{7DF6BB9B-24FE-463F-9530-6EAEC2F926EB}.Debug|Any CPU.ActiveCfg = Debug|Any CPU
		{7DF6BB9B-24FE-463F-9530-6EAEC2F926EB}.Debug|Any CPU.Build.0 = Debug|Any CPU
		{7DF6BB9B-24FE-463F-9530-6EAEC2F926EB}.Release|Any CPU.ActiveCfg = Release|Any CPU
		{7DF6BB9B-24FE-463F-9530-6EAEC2F926EB}.Release|Any CPU.Build.0 = Release|Any CPU
		{23D87349-36DB-48B0-895B-B70ECFF85190}.Debug|Any CPU.ActiveCfg = Debug|Any CPU
		{23D87349-36DB-48B0-895B-B70ECFF85190}.Debug|Any CPU.Build.0 = Debug|Any CPU
		{23D87349-36DB-48B0-895B-B70ECFF85190}.Release|Any CPU.ActiveCfg = Release|Any CPU
		{23D87349-36DB-48B0-895B-B70ECFF85190}.Release|Any CPU.Build.0 = Release|Any CPU
	EndGlobalSection
	GlobalSection(SolutionProperties) = preSolution
		HideSolutionNode = FALSE
	EndGlobalSection
	GlobalSection(ExtensibilityGlobals) = postSolution
		SolutionGuid = {22FD625D-5A12-458C-A2BB-0774FE921CFC}
	EndGlobalSection
EndGlobal
